{
    "name": "mnistjs",
    "version": "1.0.0",
    "lockfileVersion": 3,
    "requires": true,
    "packages": {
        "": {
            "name": "mnistjs",
            "version": "1.0.0",
            "license": "ISC",
            "dependencies": {
                "@thi.ng/binary": "^3.4.32",
                "@thi.ng/malloc": "^6.1.90",
                "@thi.ng/simd": "^0.6.133"
            }
        },
        "node_modules/@thi.ng/api": {
            "version": "8.11.9",
            "resolved": "https://registry.npmjs.org/@thi.ng/api/-/api-8.11.9.tgz",
            "integrity": "sha512-GV2HZJ+QEdUScK5f47K/n75UqN16qdBxu4sPwv8vWAOlBMT4Wak4AWAtb1Aks/WkXVuJRSVRaIjmevZxfFAStw==",
            "funding": [{
                    "type": "github",
                    "url": "https://github.com/sponsors/postspectacular"
                },
                {
                    "type": "patreon",
                    "url": "https://patreon.com/thing_umbrella"
                }
            ],
            "license": "Apache-2.0",
            "engines": {
                "node": ">=18"
            }
        },
        "node_modules/@thi.ng/arrays": {
            "version": "2.10.0",
            "resolved": "https://registry.npmjs.org/@thi.ng/arrays/-/arrays-2.10.0.tgz",
            "integrity": "sha512-4f3iyTcaPhA+j9xEBK5AnXJ6/1hlD5VjC1wGeazFZ4S+HA2Uh/CM2r3KTgzMO8/FdHTYyLKKcQ7SjsNXkbcApA==",
            "funding": [{
                    "type": "github",
                    "url": "https://github.com/sponsors/postspectacular"
                },
                {
                    "type": "patreon",
                    "url": "https://patreon.com/thing_umbrella"
                }
            ],
            "license": "Apache-2.0",
            "dependencies": {
                "@thi.ng/api": "^8.11.9",
                "@thi.ng/checks": "^3.6.11",
                "@thi.ng/compare": "^2.4.1",
                "@thi.ng/equiv": "^2.1.65",
                "@thi.ng/errors": "^2.5.15",
                "@thi.ng/random": "^4.0.3"
            },
            "engines": {
                "node": ">=18"
            }
        },
        "node_modules/@thi.ng/binary": {
            "version": "3.4.32",
            "resolved": "https://registry.npmjs.org/@thi.ng/binary/-/binary-3.4.32.tgz",
            "integrity": "sha512-a2wu4J0o7F6jElUorV5z0txzpu+hD4xEOBm9Zc8XjCdwZtrD1TnTx9kNQ8MrJoL9fs+UY+lF55k2o83Vbe+khQ==",
            "funding": [{
                    "type": "github",
                    "url": "https://github.com/sponsors/postspectacular"
                },
                {
                    "type": "patreon",
                    "url": "https://patreon.com/thing_umbrella"
                }
            ],
            "license": "Apache-2.0",
            "dependencies": {
                "@thi.ng/api": "^8.11.9"
            },
            "engines": {
                "node": ">=18"
            }
        },
        "node_modules/@thi.ng/checks": {
            "version": "3.6.11",
            "resolved": "https://registry.npmjs.org/@thi.ng/checks/-/checks-3.6.11.tgz",
            "integrity": "sha512-qR2nmikEibCuHIhHBcuI8/zevBRUQnSxmgktuxywpUjvuUTeBXwt4ofG4ij7bndEH4B1i+MbFfZIubFLJEl5Fg==",
            "funding": [{
                    "type": "github",
                    "url": "https://github.com/sponsors/postspectacular"
                },
                {
                    "type": "patreon",
                    "url": "https://patreon.com/thing_umbrella"
                }
            ],
            "license": "Apache-2.0",
            "dependencies": {
                "tslib": "^2.6.3"
            },
            "engines": {
                "node": ">=18"
            }
        },
        "node_modules/@thi.ng/compare": {
            "version": "2.4.1",
            "resolved": "https://registry.npmjs.org/@thi.ng/compare/-/compare-2.4.1.tgz",
            "integrity": "sha512-+luAn3KFoWf4mKrgkCm0WbLJT5OAFfYJo4mKh6sooExQT7Kd8sFv9G+nt+Cps1w9IxJRt7dO31ieFntXgINGhg==",
            "funding": [{
                    "type": "github",
                    "url": "https://github.com/sponsors/postspectacular"
                },
                {
                    "type": "patreon",
                    "url": "https://patreon.com/thing_umbrella"
                }
            ],
            "license": "Apache-2.0",
            "dependencies": {
                "@thi.ng/api": "^8.11.9"
            },
            "engines": {
                "node": ">=18"
            }
        },
        "node_modules/@thi.ng/compose": {
            "version": "3.0.12",
            "resolved": "https://registry.npmjs.org/@thi.ng/compose/-/compose-3.0.12.tgz",
            "integrity": "sha512-f/bSa35/4l8m5Kz8opdIXjyjCtQV4nszXNyXSX1MiXX/6/aAJeKLUff/OwMSBOyFeXlHTwjMDEJ+HP07BScOOA==",
            "funding": [{
                    "type": "github",
                    "url": "https://github.com/sponsors/postspectacular"
                },
                {
                    "type": "patreon",
                    "url": "https://patreon.com/thing_umbrella"
                }
            ],
            "license": "Apache-2.0",
            "dependencies": {
                "@thi.ng/api": "^8.11.9",
                "@thi.ng/errors": "^2.5.15"
            },
            "engines": {
                "node": ">=18"
            }
        },
        "node_modules/@thi.ng/equiv": {
            "version": "2.1.65",
            "resolved": "https://registry.npmjs.org/@thi.ng/equiv/-/equiv-2.1.65.tgz",
            "integrity": "sha512-pgXCJZMHiI8vUtaNzjWfbTyQilfin5/3Oc23OvL4dh5+uQFE9d9xP8DyNxHwmUD6b+Hio6j5ZteOyP5QgU3ibQ==",
            "funding": [{
                    "type": "github",
                    "url": "https://github.com/sponsors/postspectacular"
                },
                {
                    "type": "patreon",
                    "url": "https://patreon.com/thing_umbrella"
                }
            ],
            "license": "Apache-2.0",
            "engines": {
                "node": ">=18"
            }
        },
        "node_modules/@thi.ng/errors": {
            "version": "2.5.15",
            "resolved": "https://registry.npmjs.org/@thi.ng/errors/-/errors-2.5.15.tgz",
            "integrity": "sha512-vQ0M3yf6UbB8k6rdQMo2zgFpvcvEl95aLA1y5Fhxtm1KU6JfzDO1YZL3eIYPPnzhjUHw9zc0htbeBLI1x2QDnw==",
            "funding": [{
                    "type": "github",
                    "url": "https://github.com/sponsors/postspectacular"
                },
                {
                    "type": "patreon",
                    "url": "https://patreon.com/thing_umbrella"
                }
            ],
            "license": "Apache-2.0",
            "engines": {
                "node": ">=18"
            }
        },
        "node_modules/@thi.ng/hex": {
            "version": "2.3.53",
            "resolved": "https://registry.npmjs.org/@thi.ng/hex/-/hex-2.3.53.tgz",
            "integrity": "sha512-NmXCvlgnYOZsfuWHoici6dc3w9shw1135L7zrhyml5qXA5vrDrcV/6+9PqRpDOJJXN65NvNezITok0gCXk25Ow==",
            "funding": [{
                    "type": "github",
                    "url": "https://github.com/sponsors/postspectacular"
                },
                {
                    "type": "patreon",
                    "url": "https://patreon.com/thing_umbrella"
                }
            ],
            "license": "Apache-2.0",
            "engines": {
                "node": ">=18"
            }
        },
        "node_modules/@thi.ng/malloc": {
            "version": "6.1.90",
            "resolved": "https://registry.npmjs.org/@thi.ng/malloc/-/malloc-6.1.90.tgz",
            "integrity": "sha512-VBBwc+Ys6VUlJGQZv2ugnReHuKALJzceINhZtv66IgrMrryTU3LOudCNxdjZYJQ+Jw0MBPNbCcBdWLBKKCQ89w==",
            "funding": [{
                    "type": "github",
                    "url": "https://github.com/sponsors/postspectacular"
                },
                {
                    "type": "patreon",
                    "url": "https://patreon.com/thing_umbrella"
                }
            ],
            "license": "Apache-2.0",
            "dependencies": {
                "@thi.ng/api": "^8.11.9",
                "@thi.ng/binary": "^3.4.32",
                "@thi.ng/checks": "^3.6.11",
                "@thi.ng/errors": "^2.5.15"
            },
            "engines": {
                "node": ">=18"
            }
        },
        "node_modules/@thi.ng/math": {
            "version": "5.11.9",
            "resolved": "https://registry.npmjs.org/@thi.ng/math/-/math-5.11.9.tgz",
            "integrity": "sha512-yag1n1XUUgyqtF0Pg1ncsJRepk6annvrCsGa1+a+6/63qFLvSSv/i/PJ/Kq/kAmhcvMZnaCinwNd80TY+fQk7A==",
            "funding": [{
                    "type": "github",
                    "url": "https://github.com/sponsors/postspectacular"
                },
                {
                    "type": "patreon",
                    "url": "https://patreon.com/thing_umbrella"
                }
            ],
            "license": "Apache-2.0",
            "dependencies": {
                "@thi.ng/api": "^8.11.9"
            },
            "engines": {
                "node": ">=18"
            }
        },
        "node_modules/@thi.ng/memoize": {
            "version": "3.3.11",
            "resolved": "https://registry.npmjs.org/@thi.ng/memoize/-/memoize-3.3.11.tgz",
            "integrity": "sha512-FsKa5hn+OggvAxODmy93CVIqYwJpC+Vv2BD3+LCcbH/WRp/KLUk11F7YMqi40Od4ryfTu73fWpnwX/lHzb5jbQ==",
            "funding": [{
                    "type": "github",
                    "url": "https://github.com/sponsors/postspectacular"
                },
                {
                    "type": "patreon",
                    "url": "https://patreon.com/thing_umbrella"
                }
            ],
            "license": "Apache-2.0",
            "dependencies": {
                "@thi.ng/api": "^8.11.9"
            },
            "engines": {
                "node": ">=18"
            }
        },
        "node_modules/@thi.ng/random": {
            "version": "4.0.3",
            "resolved": "https://registry.npmjs.org/@thi.ng/random/-/random-4.0.3.tgz",
            "integrity": "sha512-ffHg6qJeGPHvom6mQGXMg4GaMIj1FME9Nx9aqZqm1h9r6tJN7Z2s4MIM4QFdZ1hfhGdErJ378eDROxHZCL1Uyw==",
            "funding": [{
                    "type": "github",
                    "url": "https://github.com/sponsors/postspectacular"
                },
                {
                    "type": "patreon",
                    "url": "https://patreon.com/thing_umbrella"
                }
            ],
            "license": "Apache-2.0",
            "dependencies": {
                "@thi.ng/api": "^8.11.9",
                "@thi.ng/errors": "^2.5.15"
            },
            "engines": {
                "node": ">=18"
            }
        },
        "node_modules/@thi.ng/simd": {
            "version": "0.6.133",
            "resolved": "https://registry.npmjs.org/@thi.ng/simd/-/simd-0.6.133.tgz",
            "integrity": "sha512-Ltm4S+gZiosATtnOEPQtLyGymF9WpwogrYFP+k/+EZ0bL9NdX21Lo1i+elEp37FsLk4ha5UHeV9WdJfrfSDMOg==",
            "funding": [{
                    "type": "github",
                    "url": "https://github.com/sponsors/postspectacular"
                },
                {
                    "type": "patreon",
                    "url": "https://patreon.com/thing_umbrella"
                }
            ],
            "license": "Apache-2.0",
            "dependencies": {
                "@thi.ng/api": "^8.11.9",
                "@thi.ng/transducers-binary": "^2.1.133"
            },
            "engines": {
                "node": ">=18"
            }
        },
        "node_modules/@thi.ng/strings": {
            "version": "3.8.4",
            "resolved": "https://registry.npmjs.org/@thi.ng/strings/-/strings-3.8.4.tgz",
            "integrity": "sha512-VMFYzftPhjx06Oge+9yZxL+9e5GWNmcHtRMqqy24J0nkF9u1sxjhbOXQIQKo6mg2c3vkRp8NrqOwYern+zNkPA==",
            "funding": [{
                    "type": "github",
                    "url": "https://github.com/sponsors/postspectacular"
                },
                {
                    "type": "patreon",
                    "url": "https://patreon.com/thing_umbrella"
                }
            ],
            "license": "Apache-2.0",
            "dependencies": {
                "@thi.ng/api": "^8.11.9",
                "@thi.ng/errors": "^2.5.15",
                "@thi.ng/hex": "^2.3.53",
                "@thi.ng/memoize": "^3.3.11"
            },
            "engines": {
                "node": ">=18"
            }
        },
        "node_modules/@thi.ng/transducers": {
            "version": "9.2.2",
            "resolved": "https://registry.npmjs.org/@thi.ng/transducers/-/transducers-9.2.2.tgz",
            "integrity": "sha512-R0bM8LeXHTJebgkUQfDE6D89LnP1kmpcTvU88pd6dxLZCXrQgfYXMEDLvYvqvAqnrQnZERiMTNi0ZaHA9BB+rg==",
            "funding": [{
                    "type": "github",
                    "url": "https://github.com/sponsors/postspectacular"
                },
                {
                    "type": "patreon",
                    "url": "https://patreon.com/thing_umbrella"
                }
            ],
            "license": "Apache-2.0",
            "dependencies": {
                "@thi.ng/api": "^8.11.9",
                "@thi.ng/arrays": "^2.10.0",
                "@thi.ng/checks": "^3.6.11",
                "@thi.ng/compare": "^2.4.1",
                "@thi.ng/compose": "^3.0.12",
                "@thi.ng/errors": "^2.5.15",
                "@thi.ng/math": "^5.11.9",
                "@thi.ng/random": "^4.0.3"
            },
            "engines": {
                "node": ">=18"
            }
        },
        "node_modules/@thi.ng/transducers-binary": {
            "version": "2.1.133",
            "resolved": "https://registry.npmjs.org/@thi.ng/transducers-binary/-/transducers-binary-2.1.133.tgz",
            "integrity": "sha512-T9hgYJ6bW+x3yAG96zSGU/pZq0K2yfX+FdTc+n9qWU6tj7zfebkstfRTWvOnYDfoDENf5YdguxF4MmsXWhHnBA==",
            "funding": [{
                    "type": "github",
                    "url": "https://github.com/sponsors/postspectacular"
                },
                {
                    "type": "patreon",
                    "url": "https://patreon.com/thing_umbrella"
                }
            ],
            "license": "Apache-2.0",
            "dependencies": {
                "@thi.ng/binary": "^3.4.32",
                "@thi.ng/compose": "^3.0.12",
                "@thi.ng/errors": "^2.5.15",
                "@thi.ng/hex": "^2.3.53",
                "@thi.ng/random": "^4.0.3",
                "@thi.ng/strings": "^3.8.4",
                "@thi.ng/transducers": "^9.2.2"
            },
            "engines": {
                "node": ">=18"
            }
        },
        "node_modules/tslib": {
            "version": "2.7.0",
            "resolved": "https://registry.npmjs.org/tslib/-/tslib-2.7.0.tgz",
            "integrity": "sha512-gLXCKdN1/j47AiHiOkJN69hJmcbGTHI0ImLmbYLHykhgeN0jVGola9yVjFgzCUklsZQMW55o+dW7IXv3RCXDzA==",
            "license": "0BSD"
        }
    }
}